
Microsoft Visual Studio Solution File, Format Version 12.00
# Visual Studio 15
VisualStudioVersion = 15.0.28307.1321
MinimumVisualStudioVersion = 10.0.40219.1
Project("{FAE04EC0-301F-11D3-BF4B-00C04F79EFBC}") = "BLM461M", "BLM461M\BLM461M.csproj", "{DCCC91D6-D618-4E3B-9E23-0548DE49E4A7}"
EndProject
Global
	GlobalSection(SolutionConfigurationPlatforms) = preSolution
		Debug|Any CPU = Debug|Any CPU
		Release|Any CPU = Release|Any CPU
	EndGlobalSection
	GlobalSection(ProjectConfigurationPlatforms) = postSolution
		{DCCC91D6-D618-4E3B-9E23-0548DE49E4A7}.Debug|Any CPU.ActiveCfg = Debug|Any CPU
		{DCCC91D6-D618-4E3B-9E23-0548DE49E4A7}.Debug|Any CPU.Build.0 = Debug|Any CPU
		{DCCC91D6-D618-4E3B-9E23-0548DE49E4A7}.Release|Any CPU.ActiveCfg = Release|Any CPU
		{DCCC91D6-D618-4E3B-9E23-0548DE49E4A7}.Release|Any CPU.Build.0 = Release|Any CPU
	EndGlobalSection
	GlobalSection(SolutionProperties) = preSolution
		HideSolutionNode = FALSE
	EndGlobalSection
	GlobalSection(ExtensibilityGlobals) = postSolution
		SolutionGuid = {5CD48322-DBD0-44EE-8F4C-66A23E290B41}
	EndGlobalSection
EndGlobal
